{
  "lockfile_version": "1",
  "packages": {
    "bun@latest": {
      "last_modified": "2025-01-25T23:17:58Z",
      "resolved": "github:NixOS/nixpkgs/b582bb5b0d7af253b05d58314b85ab8ec46b8d19#bun",
      "source": "devbox-search",
      "version": "1.1.43",
      "systems": {
        "aarch64-darwin": {
          "outputs": [
            {
              "name": "out",
              "path": "/nix/store/81ah4jmzhf167fhxajhfhkb7nfdihlsm-bun-1.1.43",
              "default": true
            }
          ],
          "store_path": "/nix/store/81ah4jmzhf167fhxajhfhkb7nfdihlsm-bun-1.1.43"
        },
        "aarch64-linux": {
          "outputs": [
            {
              "name": "out",
              "path": "/nix/store/ndi5i8wssapd3b45wznzx2dfwigsmd4l-bun-1.1.43",
              "default": true
            }
          ],
          "store_path": "/nix/store/ndi5i8wssapd3b45wznzx2dfwigsmd4l-bun-1.1.43"
        },
        "x86_64-darwin": {
          "outputs": [
            {
              "name": "out",
              "path": "/nix/store/f53wxm8cj4144f5528d79c63wv7gxi5h-bun-1.1.43",
              "default": true
            }
          ],
          "store_path": "/nix/store/f53wxm8cj4144f5528d79c63wv7gxi5h-bun-1.1.43"
        },
        "x86_64-linux": {
          "outputs": [
            {
              "name": "out",
              "path": "/nix/store/ix2qrgd8hf578sf5xl1q3anl07jl4i3s-bun-1.1.43",
              "default": true
            }
          ],
          "store_path": "/nix/store/ix2qrgd8hf578sf5xl1q3anl07jl4i3s-bun-1.1.43"
        }
      }
    },
    "starship@latest": {
      "last_modified": "2025-01-25T23:17:58Z",
      "resolved": "github:NixOS/nixpkgs/b582bb5b0d7af253b05d58314b85ab8ec46b8d19#starship",
      "source": "devbox-search",
      "version": "1.22.1",
      "systems": {
        "aarch64-darwin": {
          "outputs": [
            {
              "name": "out",
              "path": "/nix/store/8hfx54bslhdpwvdc1ah02ckvlz8ac88g-starship-1.22.1",
              "default": true
            }
          ],
          "store_path": "/nix/store/8hfx54bslhdpwvdc1ah02ckvlz8ac88g-starship-1.22.1"
        },
        "aarch64-linux": {
          "outputs": [
            {
              "name": "out",
              "path": "/nix/store/hkc59cqll5mkdr6p8kwpw85gm4i3l6ym-starship-1.22.1",
              "default": true
            }
          ],
          "store_path": "/nix/store/hkc59cqll5mkdr6p8kwpw85gm4i3l6ym-starship-1.22.1"
        },
        "x86_64-darwin": {
          "outputs": [
            {
              "name": "out",
              "path": "/nix/store/dzvipnq7xq7xjyc6a9zmahppyzkh985n-starship-1.22.1",
              "default": true
            }
          ],
          "store_path": "/nix/store/dzvipnq7xq7xjyc6a9zmahppyzkh985n-starship-1.22.1"
        },
        "x86_64-linux": {
          "outputs": [
            {
              "name": "out",
              "path": "/nix/store/95a32cz0mrbgsgnbilg20d2wdw6aj6x2-starship-1.22.1",
              "default": true
            }
          ],
          "store_path": "/nix/store/95a32cz0mrbgsgnbilg20d2wdw6aj6x2-starship-1.22.1"
        }
      }
    }
  }
}
